
Microsoft Visual Studio Solution File, Format Version 12.00
# Visual Studio Version 16
VisualStudioVersion = 16.0.30104.148
MinimumVisualStudioVersion = 10.0.40219.1
Project("{FAE04EC0-301F-11D3-BF4B-00C04F79EFBC}") = "你画我猜", "你画我猜\你画我猜.csproj", "{3F4D6F9F-B3DA-4B06-A1A0-98432191323B}"
EndProject
Global
	GlobalSection(SolutionConfigurationPlatforms) = preSolution
		Debug|Any CPU = Debug|Any CPU
		Release|Any CPU = Release|Any CPU
	EndGlobalSection
	GlobalSection(ProjectConfigurationPlatforms) = postSolution
		{3F4D6F9F-B3DA-4B06-A1A0-98432191323B}.Debug|Any CPU.ActiveCfg = Debug|Any CPU
		{3F4D6F9F-B3DA-4B06-A1A0-98432191323B}.Debug|Any CPU.Build.0 = Debug|Any CPU
		{3F4D6F9F-B3DA-4B06-A1A0-98432191323B}.Release|Any CPU.ActiveCfg = Release|Any CPU
		{3F4D6F9F-B3DA-4B06-A1A0-98432191323B}.Release|Any CPU.Build.0 = Release|Any CPU
	EndGlobalSection
	GlobalSection(SolutionProperties) = preSolution
		HideSolutionNode = FALSE
	EndGlobalSection
	GlobalSection(ExtensibilityGlobals) = postSolution
		SolutionGuid = {4F499971-92A9-4418-A7F3-610463728DD5}
	EndGlobalSection
EndGlobal
